// !$*UTF8*$!
{
	archiveVersion = 1;
	classes = {
	};
	objectVersion = 56;
	objects = {

/* Begin PBXBuildFile section */
		AF4482632A423B40001C9628 /* CimemAIApp.swift in Sources */ = {isa = PBXBuildFile; fileRef = AF4482622A423B40001C9628 /* CimemAIApp.swift */; };
		AF4482652A423B40001C9628 /* ContentView.swift in Sources */ = {isa = PBXBuildFile; fileRef = AF4482642A423B40001C9628 /* ContentView.swift */; };
		AF4482672A423B41001C9628 /* Assets.xcassets in Resources */ = {isa = PBXBuildFile; fileRef = AF4482662A423B41001C9628 /* Assets.xcassets */; };
		AF44826A2A423B41001C9628 /* Preview Assets.xcassets in Resources */ = {isa = PBXBuildFile; fileRef = AF4482692A423B41001C9628 /* Preview Assets.xcassets */; };
		AF44826C2A423B41001C9628 /* Persistence.swift in Sources */ = {isa = PBXBuildFile; fileRef = AF44826B2A423B41001C9628 /* Persistence.swift */; };
		AF44826F2A423B41001C9628 /* CimemAI.xcdatamodeld in Sources */ = {isa = PBXBuildFile; fileRef = AF44826D2A423B41001C9628 /* CimemAI.xcdatamodeld */; };
		AFB114E22A4382E200A30D4A /* Conteudo.swift in Sources */ = {isa = PBXBuildFile; fileRef = AFB114E12A4382E200A30D4A /* Conteudo.swift */; };
		AFB114E42A43831600A30D4A /* Response.swift in Sources */ = {isa = PBXBuildFile; fileRef = AFB114E32A43831600A30D4A /* Response.swift */; };
/* End PBXBuildFile section */

/* Begin PBXFileReference section */
		AF44825F2A423B40001C9628 /* CimemAI.app */ = {isa = PBXFileReference; explicitFileType = wrapper.application; includeInIndex = 0; path = CimemAI.app; sourceTree = BUILT_PRODUCTS_DIR; };
		AF4482622A423B40001C9628 /* CimemAIApp.swift */ = {isa = PBXFileReference; lastKnownFileType = sourcecode.swift; path = CimemAIApp.swift; sourceTree = "<group>"; };
		AF4482642A423B40001C9628 /* ContentView.swift */ = {isa = PBXFileReference; lastKnownFileType = sourcecode.swift; path = ContentView.swift; sourceTree = "<group>"; };
		AF4482662A423B41001C9628 /* Assets.xcassets */ = {isa = PBXFileReference; lastKnownFileType = folder.assetcatalog; path = Assets.xcassets; sourceTree = "<group>"; };
		AF4482692A423B41001C9628 /* Preview Assets.xcassets */ = {isa = PBXFileReference; lastKnownFileType = folder.assetcatalog; path = "Preview Assets.xcassets"; sourceTree = "<group>"; };
		AF44826B2A423B41001C9628 /* Persistence.swift */ = {isa = PBXFileReference; lastKnownFileType = sourcecode.swift; path = Persistence.swift; sourceTree = "<group>"; };
		AF44826E2A423B41001C9628 /* CimemAI.xcdatamodel */ = {isa = PBXFileReference; lastKnownFileType = wrapper.xcdatamodel; path = CimemAI.xcdatamodel; sourceTree = "<group>"; };
		AF4482702A423B41001C9628 /* Info.plist */ = {isa = PBXFileReference; lastKnownFileType = text.plist.xml; path = Info.plist; sourceTree = "<group>"; };
		AFB114E12A4382E200A30D4A /* Conteudo.swift */ = {isa = PBXFileReference; lastKnownFileType = sourcecode.swift; path = Conteudo.swift; sourceTree = "<group>"; };
		AFB114E32A43831600A30D4A /* Response.swift */ = {isa = PBXFileReference; lastKnownFileType = sourcecode.swift; path = Response.swift; sourceTree = "<group>"; };
/* End PBXFileReference section */

/* Begin PBXFrameworksBuildPhase section */
		AF44825C2A423B40001C9628 /* Frameworks */ = {
			isa = PBXFrameworksBuildPhase;
			buildActionMask = 2147483647;
			files = (
			);
			runOnlyForDeploymentPostprocessing = 0;
		};
/* End PBXFrameworksBuildPhase section */

/* Begin PBXGroup section */
		AF4482562A423B40001C9628 = {
			isa = PBXGroup;
			children = (
				AF4482612A423B40001C9628 /* CimemAI */,
				AF4482602A423B40001C9628 /* Products */,
			);
			sourceTree = "<group>";
		};
		AF4482602A423B40001C9628 /* Products */ = {
			isa = PBXGroup;
			children = (
				AF44825F2A423B40001C9628 /* CimemAI.app */,
			);
			name = Products;
			sourceTree = "<group>";
		};
		AF4482612A423B40001C9628 /* CimemAI */ = {
			isa = PBXGroup;
			children = (
				AFB114E12A4382E200A30D4A /* Conteudo.swift */,
				AFB114E32A43831600A30D4A /* Response.swift */,
				AF4482622A423B40001C9628 /* CimemAIApp.swift */,
				AF4482642A423B40001C9628 /* ContentView.swift */,
				AF4482662A423B41001C9628 /* Assets.xcassets */,
				AF44826B2A423B41001C9628 /* Persistence.swift */,
				AF4482702A423B41001C9628 /* Info.plist */,
				AF44826D2A423B41001C9628 /* CimemAI.xcdatamodeld */,
				AF4482682A423B41001C9628 /* Preview Content */,
			);
			path = CimemAI;
			sourceTree = "<group>";
		};
		AF4482682A423B41001C9628 /* Preview Content */ = {
			isa = PBXGroup;
			children = (
				AF4482692A423B41001C9628 /* Preview Assets.xcassets */,
			);
			path = "Preview Content";
			sourceTree = "<group>";
		};
/* End PBXGroup section */

/* Begin PBXNativeTarget section */
		AF44825E2A423B40001C9628 /* CimemAI */ = {
			isa = PBXNativeTarget;
			buildConfigurationList = AF4482732A423B41001C9628 /* Build configuration list for PBXNativeTarget "CimemAI" */;
			buildPhases = (
				AF44825B2A423B40001C9628 /* Sources */,
				AF44825C2A423B40001C9628 /* Frameworks */,
				AF44825D2A423B40001C9628 /* Resources */,
			);
			buildRules = (
			);
			dependencies = (
			);
			name = CimemAI;
			productName = CimemAI;
			productReference = AF44825F2A423B40001C9628 /* CimemAI.app */;
			productType = "com.apple.product-type.application";
		};
/* End PBXNativeTarget section */

/* Begin PBXProject section */
		AF4482572A423B40001C9628 /* Project object */ = {
			isa = PBXProject;
			attributes = {
				BuildIndependentTargetsInParallel = 1;
				LastSwiftUpdateCheck = 1430;
				LastUpgradeCheck = 1430;
				TargetAttributes = {
					AF44825E2A423B40001C9628 = {
						CreatedOnToolsVersion = 14.3.1;
					};
				};
			};
			buildConfigurationList = AF44825A2A423B40001C9628 /* Build configuration list for PBXProject "CimemAI" */;
			compatibilityVersion = "Xcode 14.0";
			developmentRegion = en;
			hasScannedForEncodings = 0;
			knownRegions = (
				en,
				Base,
			);
			mainGroup = AF4482562A423B40001C9628;
			productRefGroup = AF4482602A423B40001C9628 /* Products */;
			projectDirPath = "";
			projectRoot = "";
			targets = (
				AF44825E2A423B40001C9628 /* CimemAI */,
			);
		};
/* End PBXProject section */

/* Begin PBXResourcesBuildPhase section */
		AF44825D2A423B40001C9628 /* Resources */ = {
			isa = PBXResourcesBuildPhase;
			buildActionMask = 2147483647;
			files = (
				AF44826A2A423B41001C9628 /* Preview Assets.xcassets in Resources */,
				AF4482672A423B41001C9628 /* Assets.xcassets in Resources */,
			);
			runOnlyForDeploymentPostprocessing = 0;
		};
/* End PBXResourcesBuildPhase section */

/* Begin PBXSourcesBuildPhase section */
		AF44825B2A423B40001C9628 /* Sources */ = {
			isa = PBXSourcesBuildPhase;
			buildActionMask = 2147483647;
			files = (
				AFB114E22A4382E200A30D4A /* Conteudo.swift in Sources */,
				AF44826C2A423B41001C9628 /* Persistence.swift in Sources */,
				AF44826F2A423B41001C9628 /* CimemAI.xcdatamodeld in Sources */,
				AF4482652A423B40001C9628 /* ContentView.swift in Sources */,
				AFB114E42A43831600A30D4A /* Response.swift in Sources */,
				AF4482632A423B40001C9628 /* CimemAIApp.swift in Sources */,
			);
			runOnlyForDeploymentPostprocessing = 0;
		};
/* End PBXSourcesBuildPhase section */

/* Begin XCBuildConfiguration section */
		AF4482712A423B41001C9628 /* Debug */ = {
			isa = XCBuildConfiguration;
			buildSettings = {
				ALWAYS_SEARCH_USER_PATHS = NO;
				CLANG_ANALYZER_NONNULL = YES;
				CLANG_ANALYZER_NUMBER_OBJECT_CONVERSION = YES_AGGRESSIVE;
				CLANG_CXX_LANGUAGE_STANDARD = "gnu++20";
				CLANG_ENABLE_MODULES = YES;
				CLANG_ENABLE_OBJC_ARC = YES;
				CLANG_ENABLE_OBJC_WEAK = YES;
				CLANG_WARN_BLOCK_CAPTURE_AUTORELEASING = YES;
				CLANG_WARN_BOOL_CONVERSION = YES;
				CLANG_WARN_COMMA = YES;
				CLANG_WARN_CONSTANT_CONVERSION = YES;
				CLANG_WARN_DEPRECATED_OBJC_IMPLEMENTATIONS = YES;
				CLANG_WARN_DIRECT_OBJC_ISA_USAGE = YES_ERROR;
				CLANG_WARN_DOCUMENTATION_COMMENTS = YES;
				CLANG_WARN_EMPTY_BODY = YES;
				CLANG_WARN_ENUM_CONVERSION = YES;
				CLANG_WARN_INFINITE_RECURSION = YES;
				CLANG_WARN_INT_CONVERSION = YES;
				CLANG_WARN_NON_LITERAL_NULL_CONVERSION = YES;
				CLANG_WARN_OBJC_IMPLICIT_RETAIN_SELF = YES;
				CLANG_WARN_OBJC_LITERAL_CONVERSION = YES;
				CLANG_WARN_OBJC_ROOT_CLASS = YES_ERROR;
				CLANG_WARN_QUOTED_INCLUDE_IN_FRAMEWORK_HEADER = YES;
				CLANG_WARN_RANGE_LOOP_ANALYSIS = YES;
				CLANG_WARN_STRICT_PROTOTYPES = YES;
				CLANG_WARN_SUSPICIOUS_MOVE = YES;
				CLANG_WARN_UNGUARDED_AVAILABILITY = YES_AGGRESSIVE;
				CLANG_WARN_UNREACHABLE_CODE = YES;
				CLANG_WARN__DUPLICATE_METHOD_MATCH = YES;
				COPY_PHASE_STRIP = NO;
				DEBUG_INFORMATION_FORMAT = dwarf;
				ENABLE_STRICT_OBJC_MSGSEND = YES;
				ENABLE_TESTABILITY = YES;
				GCC_C_LANGUAGE_STANDARD = gnu11;
				GCC_DYNAMIC_NO_PIC = NO;
				GCC_NO_COMMON_BLOCKS = YES;
				GCC_OPTIMIZATION_LEVEL = 0;
				GCC_PREPROCESSOR_DEFINITIONS = (
					"DEBUG=1",
					"$(inherited)",
				);
				GCC_WARN_64_TO_32_BIT_CONVERSION = YES;
				GCC_WARN_ABOUT_RETURN_TYPE = YES_ERROR;
				GCC_WARN_UNDECLARED_SELECTOR = YES;
				GCC_WARN_UNINITIALIZED_AUTOS = YES_AGGRESSIVE;
				GCC_WARN_UNUSED_FUNCTION = YES;
				GCC_WARN_UNUSED_VARIABLE = YES;
				IPHONEOS_DEPLOYMENT_TARGET = 16.4;
				MTL_ENABLE_DEBUG_INFO = INCLUDE_SOURCE;
				MTL_FAST_MATH = YES;
				ONLY_ACTIVE_ARCH = YES;
				SDKROOT = iphoneos;
				SWIFT_ACTIVE_COMPILATION_CONDITIONS = DEBUG;
				SWIFT_OPTIMIZATION_LEVEL = "-Onone";
			};
			name = Debug;
		};
		AF4482722A423B41001C9628 /* Release */ = {
			isa = XCBuildConfiguration;
			buildSettings = {
				ALWAYS_SEARCH_USER_PATHS = NO;
				CLANG_ANALYZER_NONNULL = YES;
				CLANG_ANALYZER_NUMBER_OBJECT_CONVERSION = YES_AGGRESSIVE;
				CLANG_CXX_LANGUAGE_STANDARD = "gnu++20";
				CLANG_ENABLE_MODULES = YES;
				CLANG_ENABLE_OBJC_ARC = YES;
				CLANG_ENABLE_OBJC_WEAK = YES;
				CLANG_WARN_BLOCK_CAPTURE_AUTORELEASING = YES;
				CLANG_WARN_BOOL_CONVERSION = YES;
				CLANG_WARN_COMMA = YES;
				CLANG_WARN_CONSTANT_CONVERSION = YES;
				CLANG_WARN_DEPRECATED_OBJC_IMPLEMENTATIONS = YES;
				CLANG_WARN_DIRECT_OBJC_ISA_USAGE = YES_ERROR;
				CLANG_WARN_DOCUMENTATION_COMMENTS = YES;
				CLANG_WARN_EMPTY_BODY = YES;
				CLANG_WARN_ENUM_CONVERSION = YES;
				CLANG_WARN_INFINITE_RECURSION = YES;
				CLANG_WARN_INT_CONVERSION = YES;
				CLANG_WARN_NON_LITERAL_NULL_CONVERSION = YES;
				CLANG_WARN_OBJC_IMPLICIT_RETAIN_SELF = YES;
				CLANG_WARN_OBJC_LITERAL_CONVERSION = YES;
				CLANG_WARN_OBJC_ROOT_CLASS = YES_ERROR;
				CLANG_WARN_QUOTED_INCLUDE_IN_FRAMEWORK_HEADER = YES;
				CLANG_WARN_RANGE_LOOP_ANALYSIS = YES;
				CLANG_WARN_STRICT_PROTOTYPES = YES;
				CLANG_WARN_SUSPICIOUS_MOVE = YES;
				CLANG_WARN_UNGUARDED_AVAILABILITY = YES_AGGRESSIVE;
				CLANG_WARN_UNREACHABLE_CODE = YES;
				CLANG_WARN__DUPLICATE_METHOD_MATCH = YES;
				COPY_PHASE_STRIP = NO;
				DEBUG_INFORMATION_FORMAT = "dwarf-with-dsym";
				ENABLE_NS_ASSERTIONS = NO;
				ENABLE_STRICT_OBJC_MSGSEND = YES;
				GCC_C_LANGUAGE_STANDARD = gnu11;
				GCC_NO_COMMON_BLOCKS = YES;
				GCC_WARN_64_TO_32_BIT_CONVERSION = YES;
				GCC_WARN_ABOUT_RETURN_TYPE = YES_ERROR;
				GCC_WARN_UNDECLARED_SELECTOR = YES;
				GCC_WARN_UNINITIALIZED_AUTOS = YES_AGGRESSIVE;
				GCC_WARN_UNUSED_FUNCTION = YES;
				GCC_WARN_UNUSED_VARIABLE = YES;
				IPHONEOS_DEPLOYMENT_TARGET = 16.4;
				MTL_ENABLE_DEBUG_INFO = NO;
				MTL_FAST_MATH = YES;
				SDKROOT = iphoneos;
				SWIFT_COMPILATION_MODE = wholemodule;
				SWIFT_OPTIMIZATION_LEVEL = "-O";
				VALIDATE_PRODUCT = YES;
			};
			name = Release;
		};
		AF4482742A423B41001C9628 /* Debug */ = {
			isa = XCBuildConfiguration;
			buildSettings = {
				ASSETCATALOG_COMPILER_APPICON_NAME = AppIcon;
				ASSETCATALOG_COMPILER_GLOBAL_ACCENT_COLOR_NAME = AccentColor;
				CODE_SIGN_STYLE = Automatic;
				CURRENT_PROJECT_VERSION = 1;
				DEVELOPMENT_ASSET_PATHS = "\"CimemAI/Preview Content\"";
				DEVELOPMENT_TEAM = L2AH2M48T4;
				ENABLE_PREVIEWS = YES;
				GENERATE_INFOPLIST_FILE = YES;
				INFOPLIST_KEY_UIApplicationSceneManifest_Generation = YES;
				INFOPLIST_KEY_UIApplicationSupportsIndirectInputEvents = YES;
				INFOPLIST_KEY_UILaunchScreen_Generation = YES;
				INFOPLIST_KEY_UISupportedInterfaceOrientations_iPad = "UIInterfaceOrientationPortrait UIInterfaceOrientationPortraitUpsideDown UIInterfaceOrientationLandscapeLeft UIInterfaceOrientationLandscapeRight";
				INFOPLIST_KEY_UISupportedInterfaceOrientations_iPhone = "UIInterfaceOrientationPortrait UIInterfaceOrientationLandscapeLeft UIInterfaceOrientationLandscapeRight";
				LD_RUNPATH_SEARCH_PATHS = (
					"$(inherited)",
					"@executable_path/Frameworks",
				);
				MARKETING_VERSION = 1.0;
				PRODUCT_BUNDLE_IDENTIFIER = andre.wozniack.CimemAI;
				PRODUCT_NAME = "$(TARGET_NAME)";
				SWIFT_EMIT_LOC_STRINGS = YES;
				SWIFT_VERSION = 5.0;
				TARGETED_DEVICE_FAMILY = "1,2";
			};
			name = Debug;
		};
		AF4482752A423B41001C9628 /* Release */ = {
			isa = XCBuildConfiguration;
			buildSettings = {
				ASSETCATALOG_COMPILER_APPICON_NAME = AppIcon;
				ASSETCATALOG_COMPILER_GLOBAL_ACCENT_COLOR_NAME = AccentColor;
				CODE_SIGN_STYLE = Automatic;
				CURRENT_PROJECT_VERSION = 1;
				DEVELOPMENT_ASSET_PATHS = "\"CimemAI/Preview Content\"";
				DEVELOPMENT_TEAM = L2AH2M48T4;
				ENABLE_PREVIEWS = YES;
				GENERATE_INFOPLIST_FILE = YES;
				INFOPLIST_KEY_UIApplicationSceneManifest_Generation = YES;
				INFOPLIST_KEY_UIApplicationSupportsIndirectInputEvents = YES;
				INFOPLIST_KEY_UILaunchScreen_Generation = YES;
				INFOPLIST_KEY_UISupportedInterfaceOrientations_iPad = "UIInterfaceOrientationPortrait UIInterfaceOrientationPortraitUpsideDown UIInterfaceOrientationLandscapeLeft UIInterfaceOrientationLandscapeRight";
				INFOPLIST_KEY_UISupportedInterfaceOrientations_iPhone = "UIInterfaceOrientationPortrait UIInterfaceOrientationLandscapeLeft UIInterfaceOrientationLandscapeRight";
				LD_RUNPATH_SEARCH_PATHS = (
					"$(inherited)",
					"@executable_path/Frameworks",
				);
				MARKETING_VERSION = 1.0;
				PRODUCT_BUNDLE_IDENTIFIER = andre.wozniack.CimemAI;
				PRODUCT_NAME = "$(TARGET_NAME)";
				SWIFT_EMIT_LOC_STRINGS = YES;
				SWIFT_VERSION = 5.0;
				TARGETED_DEVICE_FAMILY = "1,2";
			};
			name = Release;
		};
/* End XCBuildConfiguration section */

/* Begin XCConfigurationList section */
		AF44825A2A423B40001C9628 /* Build configuration list for PBXProject "CimemAI" */ = {
			isa = XCConfigurationList;
			buildConfigurations = (
				AF4482712A423B41001C9628 /* Debug */,
				AF4482722A423B41001C9628 /* Release */,
			);
			defaultConfigurationIsVisible = 0;
			defaultConfigurationName = Release;
		};
		AF4482732A423B41001C9628 /* Build configuration list for PBXNativeTarget "CimemAI" */ = {
			isa = XCConfigurationList;
			buildConfigurations = (
				AF4482742A423B41001C9628 /* Debug */,
				AF4482752A423B41001C9628 /* Release */,
			);
			defaultConfigurationIsVisible = 0;
			defaultConfigurationName = Release;
		};
/* End XCConfigurationList section */

/* Begin XCVersionGroup section */
		AF44826D2A423B41001C9628 /* CimemAI.xcdatamodeld */ = {
			isa = XCVersionGroup;
			children = (
				AF44826E2A423B41001C9628 /* CimemAI.xcdatamodel */,
			);
			currentVersion = AF44826E2A423B41001C9628 /* CimemAI.xcdatamodel */;
			path = CimemAI.xcdatamodeld;
			sourceTree = "<group>";
			versionGroupType = wrapper.xcdatamodel;
		};
/* End XCVersionGroup section */
	};
	rootObject = AF4482572A423B40001C9628 /* Project object */;
}
